
Microsoft Visual Studio Solution File, Format Version 12.00
# Visual Studio for Mac
Project("{FAE04EC0-301F-11D3-BF4B-00C04F79EFBC}") = "Assembly-CSharp-firstpass", "Assembly-CSharp-firstpass.csproj", "{9FA242C4-28BC-742A-AE77-A37C74FA4B5E}"
EndProject
Project("{FAE04EC0-301F-11D3-BF4B-00C04F79EFBC}") = "Assembly-CSharp", "Assembly-CSharp.csproj", "{7D78BA9D-006A-9C39-6BB2-51AFB315E133}"
EndProject
Project("{FAE04EC0-301F-11D3-BF4B-00C04F79EFBC}") = "Assembly-CSharp-Editor-firstpass", "Assembly-CSharp-Editor-firstpass.csproj", "{E92B8CE9-581F-BB0F-14CE-94E0AF5E41B7}"
EndProject
Global
	GlobalSection(SolutionConfigurationPlatforms) = preSolution
		Debug|Any CPU = Debug|Any CPU
		Release|Any CPU = Release|Any CPU
	EndGlobalSection
	GlobalSection(ProjectConfigurationPlatforms) = postSolution
		{9FA242C4-28BC-742A-AE77-A37C74FA4B5E}.Debug|Any CPU.ActiveCfg = Debug|Any CPU
		{9FA242C4-28BC-742A-AE77-A37C74FA4B5E}.Debug|Any CPU.Build.0 = Debug|Any CPU
		{9FA242C4-28BC-742A-AE77-A37C74FA4B5E}.Release|Any CPU.ActiveCfg = Release|Any CPU
		{9FA242C4-28BC-742A-AE77-A37C74FA4B5E}.Release|Any CPU.Build.0 = Release|Any CPU
		{7D78BA9D-006A-9C39-6BB2-51AFB315E133}.Debug|Any CPU.ActiveCfg = Debug|Any CPU
		{7D78BA9D-006A-9C39-6BB2-51AFB315E133}.Debug|Any CPU.Build.0 = Debug|Any CPU
		{7D78BA9D-006A-9C39-6BB2-51AFB315E133}.Release|Any CPU.ActiveCfg = Release|Any CPU
		{7D78BA9D-006A-9C39-6BB2-51AFB315E133}.Release|Any CPU.Build.0 = Release|Any CPU
		{E92B8CE9-581F-BB0F-14CE-94E0AF5E41B7}.Debug|Any CPU.ActiveCfg = Debug|Any CPU
		{E92B8CE9-581F-BB0F-14CE-94E0AF5E41B7}.Debug|Any CPU.Build.0 = Debug|Any CPU
		{E92B8CE9-581F-BB0F-14CE-94E0AF5E41B7}.Release|Any CPU.ActiveCfg = Release|Any CPU
		{E92B8CE9-581F-BB0F-14CE-94E0AF5E41B7}.Release|Any CPU.Build.0 = Release|Any CPU
	EndGlobalSection
	GlobalSection(SolutionProperties) = preSolution
		HideSolutionNode = FALSE
	EndGlobalSection
EndGlobal
